Microsoft Visual Studio Solution File, Format Version 12.00
# Visual Studio 15
VisualStudioVersion = 15.0.28307.1622
MinimumVisualStudioVersion = 10.0.40219.1
Project("{FAE04EC0-301F-11D3-BF4B-00C04F79EFBC}") = "BusinessCentral.LinterCop", "BusinessCentral.LinterCop.csproj", "{1EDDEDCF-E158-4AE6-863D-DEA31B895044}"
EndProject
Global
	GlobalSection(SolutionConfigurationPlatforms) = preSolution
		Debug|Any CPU = Debug|Any CPU
		Release|Any CPU = Release|Any CPU
	EndGlobalSection
	GlobalSection(ProjectConfigurationPlatforms) = postSolution
		{1EDDEDCF-E158-4AE6-863D-DEA31B895044}.Debug|Any CPU.ActiveCfg = Debug|Any CPU
		{1EDDEDCF-E158-4AE6-863D-DEA31B895044}.Debug|Any CPU.Build.0 = Debug|Any CPU
		{1EDDEDCF-E158-4AE6-863D-DEA31B895044}.Release|Any CPU.ActiveCfg = Release|Any CPU
		{1EDDEDCF-E158-4AE6-863D-DEA31B895044}.Release|Any CPU.Build.0 = Release|Any CPU
	EndGlobalSection
	GlobalSection(SolutionProperties) = preSolution
		HideSolutionNode = FALSE
	EndGlobalSection
	GlobalSection(ExtensibilityGlobals) = postSolution
		SolutionGuid = {E290015C-E099-4E5D-A9B2-F13D63D73F48}
	EndGlobalSection
EndGlobal
